
Microsoft Visual Studio Solution File, Format Version 11.00
# Visual Studio 2010
Project("{FAE04EC0-301F-11D3-BF4B-00C04F79EFBC}") = "InstaTax.Core", "InstaTax.Core\InstaTax.Core.csproj", "{79230C74-84CA-49D9-9DC4-B0466A26D400}"
EndProject
Project("{FAE04EC0-301F-11D3-BF4B-00C04F79EFBC}") = "InstaTax.Tests", "InstaTax.Tests\InstaTax.Tests.csproj", "{D137880F-6E14-4569-804C-4CDDCCFB8165}"
EndProject
Global
	GlobalSection(SolutionConfigurationPlatforms) = preSolution
		Debug|Any CPU = Debug|Any CPU
		Release|Any CPU = Release|Any CPU
	EndGlobalSection
	GlobalSection(ProjectConfigurationPlatforms) = postSolution
		{79230C74-84CA-49D9-9DC4-B0466A26D400}.Debug|Any CPU.ActiveCfg = Debug|Any CPU
		{79230C74-84CA-49D9-9DC4-B0466A26D400}.Debug|Any CPU.Build.0 = Debug|Any CPU
		{79230C74-84CA-49D9-9DC4-B0466A26D400}.Release|Any CPU.ActiveCfg = Release|Any CPU
		{79230C74-84CA-49D9-9DC4-B0466A26D400}.Release|Any CPU.Build.0 = Release|Any CPU
		{D137880F-6E14-4569-804C-4CDDCCFB8165}.Debug|Any CPU.ActiveCfg = Debug|Any CPU
		{D137880F-6E14-4569-804C-4CDDCCFB8165}.Debug|Any CPU.Build.0 = Debug|Any CPU
		{D137880F-6E14-4569-804C-4CDDCCFB8165}.Release|Any CPU.ActiveCfg = Release|Any CPU
		{D137880F-6E14-4569-804C-4CDDCCFB8165}.Release|Any CPU.Build.0 = Release|Any CPU
	EndGlobalSection
	GlobalSection(SolutionProperties) = preSolution
		HideSolutionNode = FALSE
	EndGlobalSection
EndGlobal
